
Microsoft Visual Studio Solution File, Format Version 12.00
# Visual Studio Version 17
VisualStudioVersion = 17.14.35806.103 d17.14
MinimumVisualStudioVersion = 10.0.40219.1
Project("{FAE04EC0-301F-11D3-BF4B-00C04F79EFBC}") = "WebAPI_JWT", "WebAPI_JWT\WebAPI_JWT.csproj", "{3B13FB8E-EA47-4831-B923-0697F6507360}"
EndProject
Project("{FAE04EC0-301F-11D3-BF4B-00C04F79EFBC}") = "Client_MVC", "Client_MVC\Client_MVC.csproj", "{99445389-D5FB-4AB4-A5F8-534428D51025}"
EndProject
Global
	GlobalSection(SolutionConfigurationPlatforms) = preSolution
		Debug|Any CPU = Debug|Any CPU
		Release|Any CPU = Release|Any CPU
	EndGlobalSection
	GlobalSection(ProjectConfigurationPlatforms) = postSolution
		{3B13FB8E-EA47-4831-B923-0697F6507360}.Debug|Any CPU.ActiveCfg = Debug|Any CPU
		{3B13FB8E-EA47-4831-B923-0697F6507360}.Debug|Any CPU.Build.0 = Debug|Any CPU
		{3B13FB8E-EA47-4831-B923-0697F6507360}.Release|Any CPU.ActiveCfg = Release|Any CPU
		{3B13FB8E-EA47-4831-B923-0697F6507360}.Release|Any CPU.Build.0 = Release|Any CPU
		{99445389-D5FB-4AB4-A5F8-534428D51025}.Debug|Any CPU.ActiveCfg = Debug|Any CPU
		{99445389-D5FB-4AB4-A5F8-534428D51025}.Debug|Any CPU.Build.0 = Debug|Any CPU
		{99445389-D5FB-4AB4-A5F8-534428D51025}.Release|Any CPU.ActiveCfg = Release|Any CPU
		{99445389-D5FB-4AB4-A5F8-534428D51025}.Release|Any CPU.Build.0 = Release|Any CPU
	EndGlobalSection
	GlobalSection(SolutionProperties) = preSolution
		HideSolutionNode = FALSE
	EndGlobalSection
	GlobalSection(ExtensibilityGlobals) = postSolution
		SolutionGuid = {0738CB4F-735E-489A-902B-698A658A8F12}
	EndGlobalSection
EndGlobal
